
Microsoft Visual Studio Solution File, Format Version 12.00
# Visual Studio Version 17
VisualStudioVersion = 17.2.32519.379
MinimumVisualStudioVersion = 10.0.40219.1
Project("{FAE04EC0-301F-11D3-BF4B-00C04F79EFBC}") = "SDV_A3_FINAL", "SDV_A3_FINAL.csproj", "{5FACFC92-4E0C-493B-8497-AA361FC1ABEC}"
EndProject
Global
	GlobalSection(SolutionConfigurationPlatforms) = preSolution
		Debug|Any CPU = Debug|Any CPU
		Release|Any CPU = Release|Any CPU
	EndGlobalSection
	GlobalSection(ProjectConfigurationPlatforms) = postSolution
		{5FACFC92-4E0C-493B-8497-AA361FC1ABEC}.Debug|Any CPU.ActiveCfg = Debug|Any CPU
		{5FACFC92-4E0C-493B-8497-AA361FC1ABEC}.Debug|Any CPU.Build.0 = Debug|Any CPU
		{5FACFC92-4E0C-493B-8497-AA361FC1ABEC}.Release|Any CPU.ActiveCfg = Release|Any CPU
		{5FACFC92-4E0C-493B-8497-AA361FC1ABEC}.Release|Any CPU.Build.0 = Release|Any CPU
	EndGlobalSection
	GlobalSection(SolutionProperties) = preSolution
		HideSolutionNode = FALSE
	EndGlobalSection
	GlobalSection(ExtensibilityGlobals) = postSolution
		SolutionGuid = {8B75B4CA-CB1F-4CA1-A5AD-2469C1A17754}
	EndGlobalSection
EndGlobal
